schema: '2.0'
stages:
  data_ingestion:
    cmd: python src/data/DataIngestion.py
    deps:
    - path: src/data/DataIngestion.py
      hash: md5
      md5: 274b78aa69ce4600dd7dbb921a58d0dd
      size: 4245
    params:
      params.yaml:
        data_ingestion.test_size: 0.2
    outs:
    - path: data/raw
      hash: md5
      md5: b855e2bab4e21078d44844fee5be9da3.dir
      size: 6882906
      nfiles: 2
  data_preprocessing:
    cmd: python src/data/DataPreprocessing.py
    deps:
    - path: data/raw/test.csv
      hash: md5
      md5: 295b88d81555e67a857db0337244e118
      size: 1341252
    - path: data/raw/train.csv
      hash: md5
      md5: 70faef66e6135c49f7f02db4a55e9fdd
      size: 5541654
    - path: src/data/DataPreprocessing.py
      hash: md5
      md5: 1812566b219804c1849ca095fd7e660b
      size: 3727
    outs:
    - path: data/interim
      hash: md5
      md5: a2bbccdc23dd271231099f8d5c99ff87.dir
      size: 5098055
      nfiles: 2
  model_building:
    cmd: python src/model/ModelBuilding.py
    deps:
    - path: data/interim/train_processed.csv
      hash: md5
      md5: 86284f4698366b0f2ee05c211c0e9453
      size: 4104889
    - path: src/model/ModelBuilding.py
      hash: md5
      md5: bc7114588f04c0f0cb0c5004976f6601
      size: 5481
    params:
      params.yaml:
        model_building.learning_rate: 0.09
        model_building.max_depth: 20
        model_building.max_features: 1000
        model_building.n_estimators: 367
        model_building.ngram_range:
        - 1
        - 3
    outs:
    - path: lgbm_model.pkl
      hash: md5
      md5: b06e61e0790fc79059971a4ed2447972
      size: 3886847
    - path: tfidf_vectorizer.pkl
      hash: md5
      md5: ef09bfacc46f311da526a14af3d765ec
      size: 36873
  model_evaluation:
    cmd: python src/model/ModelEvaluation.py
    deps:
    - path: data/interim/test_processed.csv
      hash: md5
      md5: 5b260b8114240fb9c541c0d07b150b14
      size: 993166
    - path: data/interim/train_processed.csv
      hash: md5
      md5: 86284f4698366b0f2ee05c211c0e9453
      size: 4104889
    - path: lgbm_model.pkl
      hash: md5
      md5: b06e61e0790fc79059971a4ed2447972
      size: 3886847
    - path: src/model/ModelEvaluation.py
      hash: md5
      md5: 26036b324830fea6ad97368c9235a53d
      size: 7133
    - path: tfidf_vectorizer.pkl
      hash: md5
      md5: ef09bfacc46f311da526a14af3d765ec
      size: 36873
    outs:
    - path: experiment_info.json
      hash: md5
      md5: 57626f7deaf59cd8a686df5f69be9937
      size: 84
  model_registration:
    cmd: python src/model/RegisterModel.py
    deps:
    - path: experiment_info.json
      hash: md5
      md5: 57626f7deaf59cd8a686df5f69be9937
      size: 84
    - path: src/model/RegisterModel.py
      hash: md5
      md5: 2a5c0f31301db1ec236257cd4658e976
      size: 2401
